
Microsoft Visual Studio Solution File, Format Version 11.00
# Visual C++ Express 2010
Project("{8BC9CEB8-8B4A-11D0-8D11-00A0C91BC942}") = "virtual_dest", "virtual_dest.vcxproj", "{6E590CAE-9872-44D8-8CC6-9762C7ABC672}"
EndProject
Global
	GlobalSection(SolutionConfigurationPlatforms) = preSolution
		Debug|Win32 = Debug|Win32
		Release|Win32 = Release|Win32
	EndGlobalSection
	GlobalSection(ProjectConfigurationPlatforms) = postSolution
		{6E590CAE-9872-44D8-8CC6-9762C7ABC672}.Debug|Win32.ActiveCfg = Debug|Win32
		{6E590CAE-9872-44D8-8CC6-9762C7ABC672}.Debug|Win32.Build.0 = Debug|Win32
		{6E590CAE-9872-44D8-8CC6-9762C7ABC672}.Release|Win32.ActiveCfg = Release|Win32
		{6E590CAE-9872-44D8-8CC6-9762C7ABC672}.Release|Win32.Build.0 = Release|Win32
	EndGlobalSection
	GlobalSection(SolutionProperties) = preSolution
		HideSolutionNode = FALSE
	EndGlobalSection
EndGlobal
