
Microsoft Visual Studio Solution File, Format Version 11.00
# Visual Studio 2010
Project("{8BC9CEB8-8B4A-11D0-8D11-00A0C91BC942}") = "MaxZuber01", "MaxZuber01\MaxZuber01.vcxproj", "{7FC6C98F-F240-44F8-88E1-F9F51D61B4ED}"
EndProject
Project("{8BC9CEB8-8B4A-11D0-8D11-00A0C91BC942}") = "MaxZuber01-2", "MaxZuber01-2\MaxZuber01-2.vcxproj", "{05834B1D-9846-4963-8827-420BB2E7CFEE}"
EndProject
Project("{8BC9CEB8-8B4A-11D0-8D11-00A0C91BC942}") = "Zhahalov01", "Zhahalov01\Zhahalov01.vcxproj", "{2F212997-A9EB-474F-B4E8-D130F9EE9940}"
EndProject
Project("{8BC9CEB8-8B4A-11D0-8D11-00A0C91BC942}") = "Savchuk01", "Savchuk01\Savchuk01.vcxproj", "{CE8A82E2-D336-44EE-86C2-42BECB3DB07E}"
EndProject
Project("{8BC9CEB8-8B4A-11D0-8D11-00A0C91BC942}") = "Senko01", "Senko01\Senko01.vcxproj", "{90C594DE-5794-4E6C-A4F0-90190C729CC9}"
EndProject
Project("{8BC9CEB8-8B4A-11D0-8D11-00A0C91BC942}") = "Senko01-2", "Senko01-2\Senko01-2.vcxproj", "{B46A1E26-3846-4B0B-A858-46287E284363}"
EndProject
Project("{8BC9CEB8-8B4A-11D0-8D11-00A0C91BC942}") = "Senko01-3", "Senko01-3\Senko01-3.vcxproj", "{FCDBFE93-5A28-44D5-B6A5-691E6D1CE595}"
EndProject
Project("{8BC9CEB8-8B4A-11D0-8D11-00A0C91BC942}") = "Holod01", "Holod01\Holod01.vcxproj", "{E5A168FC-23C9-423B-A456-F565501F9793}"
EndProject
Project("{8BC9CEB8-8B4A-11D0-8D11-00A0C91BC942}") = "Holod01-2", "Holod01-2\Holod01-2.vcxproj", "{480D5262-E82A-4C15-AE48-3E64A9916123}"
EndProject
Project("{8BC9CEB8-8B4A-11D0-8D11-00A0C91BC942}") = "Holod01-3", "Holod01-3\Holod01-3.vcxproj", "{8551C257-165F-4DDC-ABBD-CCCC9B3B0154}"
EndProject
Project("{8BC9CEB8-8B4A-11D0-8D11-00A0C91BC942}") = "Seget01", "Seget01\Seget01.vcxproj", "{BBBB3B86-7032-46CB-94D2-35DC99C24C85}"
EndProject
Project("{8BC9CEB8-8B4A-11D0-8D11-00A0C91BC942}") = "MaxZuber02-1", "MaxZuber02-1\MaxZuber02-1.vcxproj", "{3303BBCA-6E3D-408F-B012-98F8ED77FDE0}"
EndProject
Project("{8BC9CEB8-8B4A-11D0-8D11-00A0C91BC942}") = "MaxZuber02-2", "MaxZuber02-2\MaxZuber02-2.vcxproj", "{F0B43271-CB76-40DE-96C4-22A645C8E9BC}"
EndProject
Project("{8BC9CEB8-8B4A-11D0-8D11-00A0C91BC942}") = "Holod02-1", "Holod02-1\Holod02-1.vcxproj", "{2ECA9DAF-FAC8-408A-8C2B-B3386B4E5673}"
EndProject
Project("{8BC9CEB8-8B4A-11D0-8D11-00A0C91BC942}") = "Holod02-2", "Holod02-2\Holod02-2.vcxproj", "{45993FA4-CF44-4473-BEA1-8163B0585FD0}"
EndProject
Project("{8BC9CEB8-8B4A-11D0-8D11-00A0C91BC942}") = "Holod02-3", "Holod02-3\Holod02-3.vcxproj", "{50F426FB-641C-4DAA-82A1-FB2BB851D280}"
EndProject
Project("{8BC9CEB8-8B4A-11D0-8D11-00A0C91BC942}") = "Zhahalov02-1", "Zhahalov02-1\Zhahalov02-1.vcxproj", "{5982A9D6-9A4B-4D4F-B4D6-844140E09D0B}"
EndProject
Project("{8BC9CEB8-8B4A-11D0-8D11-00A0C91BC942}") = "Zhahalov02-2", "Zhahalov02-2\Zhahalov02-2.vcxproj", "{FAC93167-006D-4F73-A803-1E2AD16E2D66}"
EndProject
Project("{8BC9CEB8-8B4A-11D0-8D11-00A0C91BC942}") = "Zhahalov02-3", "Zhahalov02-3\Zhahalov02-3.vcxproj", "{1524544A-5EE0-4335-BFB8-95BF3C2E3949}"
EndProject
Project("{8BC9CEB8-8B4A-11D0-8D11-00A0C91BC942}") = "Zhahalov02-4", "Zhahalov02-4\Zhahalov02-4.vcxproj", "{60F00676-A3C9-449B-A1B0-62523A6ABE9F}"
EndProject
Project("{8BC9CEB8-8B4A-11D0-8D11-00A0C91BC942}") = "Senko02-1", "Senko02-1\Senko02-1.vcxproj", "{2FC2AB4A-AE14-4E4C-9E86-938EAA8A19E2}"
EndProject
Project("{8BC9CEB8-8B4A-11D0-8D11-00A0C91BC942}") = "Senko02-2", "Senko02-2\Senko02-2.vcxproj", "{6821AB80-FE36-43FE-83BF-EFDB66458D73}"
EndProject
Project("{8BC9CEB8-8B4A-11D0-8D11-00A0C91BC942}") = "Senko02-3", "Senko02-3\Senko02-3.vcxproj", "{1CA0F934-7B45-438D-AD32-103488F70759}"
EndProject
Global
	GlobalSection(SolutionConfigurationPlatforms) = preSolution
		Debug|Win32 = Debug|Win32
		Release|Win32 = Release|Win32
	EndGlobalSection
	GlobalSection(ProjectConfigurationPlatforms) = postSolution
		{7FC6C98F-F240-44F8-88E1-F9F51D61B4ED}.Debug|Win32.ActiveCfg = Debug|Win32
		{7FC6C98F-F240-44F8-88E1-F9F51D61B4ED}.Debug|Win32.Build.0 = Debug|Win32
		{7FC6C98F-F240-44F8-88E1-F9F51D61B4ED}.Release|Win32.ActiveCfg = Release|Win32
		{7FC6C98F-F240-44F8-88E1-F9F51D61B4ED}.Release|Win32.Build.0 = Release|Win32
		{05834B1D-9846-4963-8827-420BB2E7CFEE}.Debug|Win32.ActiveCfg = Debug|Win32
		{05834B1D-9846-4963-8827-420BB2E7CFEE}.Debug|Win32.Build.0 = Debug|Win32
		{05834B1D-9846-4963-8827-420BB2E7CFEE}.Release|Win32.ActiveCfg = Release|Win32
		{05834B1D-9846-4963-8827-420BB2E7CFEE}.Release|Win32.Build.0 = Release|Win32
		{2F212997-A9EB-474F-B4E8-D130F9EE9940}.Debug|Win32.ActiveCfg = Debug|Win32
		{2F212997-A9EB-474F-B4E8-D130F9EE9940}.Debug|Win32.Build.0 = Debug|Win32
		{2F212997-A9EB-474F-B4E8-D130F9EE9940}.Release|Win32.ActiveCfg = Release|Win32
		{2F212997-A9EB-474F-B4E8-D130F9EE9940}.Release|Win32.Build.0 = Release|Win32
		{CE8A82E2-D336-44EE-86C2-42BECB3DB07E}.Debug|Win32.ActiveCfg = Debug|Win32
		{CE8A82E2-D336-44EE-86C2-42BECB3DB07E}.Debug|Win32.Build.0 = Debug|Win32
		{CE8A82E2-D336-44EE-86C2-42BECB3DB07E}.Release|Win32.ActiveCfg = Release|Win32
		{CE8A82E2-D336-44EE-86C2-42BECB3DB07E}.Release|Win32.Build.0 = Release|Win32
		{90C594DE-5794-4E6C-A4F0-90190C729CC9}.Debug|Win32.ActiveCfg = Debug|Win32
		{90C594DE-5794-4E6C-A4F0-90190C729CC9}.Debug|Win32.Build.0 = Debug|Win32
		{90C594DE-5794-4E6C-A4F0-90190C729CC9}.Release|Win32.ActiveCfg = Release|Win32
		{90C594DE-5794-4E6C-A4F0-90190C729CC9}.Release|Win32.Build.0 = Release|Win32
		{B46A1E26-3846-4B0B-A858-46287E284363}.Debug|Win32.ActiveCfg = Debug|Win32
		{B46A1E26-3846-4B0B-A858-46287E284363}.Debug|Win32.Build.0 = Debug|Win32
		{B46A1E26-3846-4B0B-A858-46287E284363}.Release|Win32.ActiveCfg = Release|Win32
		{B46A1E26-3846-4B0B-A858-46287E284363}.Release|Win32.Build.0 = Release|Win32
		{FCDBFE93-5A28-44D5-B6A5-691E6D1CE595}.Debug|Win32.ActiveCfg = Debug|Win32
		{FCDBFE93-5A28-44D5-B6A5-691E6D1CE595}.Debug|Win32.Build.0 = Debug|Win32
		{FCDBFE93-5A28-44D5-B6A5-691E6D1CE595}.Release|Win32.ActiveCfg = Release|Win32
		{FCDBFE93-5A28-44D5-B6A5-691E6D1CE595}.Release|Win32.Build.0 = Release|Win32
		{E5A168FC-23C9-423B-A456-F565501F9793}.Debug|Win32.ActiveCfg = Debug|Win32
		{E5A168FC-23C9-423B-A456-F565501F9793}.Debug|Win32.Build.0 = Debug|Win32
		{E5A168FC-23C9-423B-A456-F565501F9793}.Release|Win32.ActiveCfg = Release|Win32
		{E5A168FC-23C9-423B-A456-F565501F9793}.Release|Win32.Build.0 = Release|Win32
		{480D5262-E82A-4C15-AE48-3E64A9916123}.Debug|Win32.ActiveCfg = Debug|Win32
		{480D5262-E82A-4C15-AE48-3E64A9916123}.Debug|Win32.Build.0 = Debug|Win32
		{480D5262-E82A-4C15-AE48-3E64A9916123}.Release|Win32.ActiveCfg = Release|Win32
		{480D5262-E82A-4C15-AE48-3E64A9916123}.Release|Win32.Build.0 = Release|Win32
		{8551C257-165F-4DDC-ABBD-CCCC9B3B0154}.Debug|Win32.ActiveCfg = Debug|Win32
		{8551C257-165F-4DDC-ABBD-CCCC9B3B0154}.Debug|Win32.Build.0 = Debug|Win32
		{8551C257-165F-4DDC-ABBD-CCCC9B3B0154}.Release|Win32.ActiveCfg = Release|Win32
		{8551C257-165F-4DDC-ABBD-CCCC9B3B0154}.Release|Win32.Build.0 = Release|Win32
		{BBBB3B86-7032-46CB-94D2-35DC99C24C85}.Debug|Win32.ActiveCfg = Debug|Win32
		{BBBB3B86-7032-46CB-94D2-35DC99C24C85}.Debug|Win32.Build.0 = Debug|Win32
		{BBBB3B86-7032-46CB-94D2-35DC99C24C85}.Release|Win32.ActiveCfg = Release|Win32
		{BBBB3B86-7032-46CB-94D2-35DC99C24C85}.Release|Win32.Build.0 = Release|Win32
		{3303BBCA-6E3D-408F-B012-98F8ED77FDE0}.Debug|Win32.ActiveCfg = Debug|Win32
		{3303BBCA-6E3D-408F-B012-98F8ED77FDE0}.Debug|Win32.Build.0 = Debug|Win32
		{3303BBCA-6E3D-408F-B012-98F8ED77FDE0}.Release|Win32.ActiveCfg = Release|Win32
		{3303BBCA-6E3D-408F-B012-98F8ED77FDE0}.Release|Win32.Build.0 = Release|Win32
		{F0B43271-CB76-40DE-96C4-22A645C8E9BC}.Debug|Win32.ActiveCfg = Debug|Win32
		{F0B43271-CB76-40DE-96C4-22A645C8E9BC}.Debug|Win32.Build.0 = Debug|Win32
		{F0B43271-CB76-40DE-96C4-22A645C8E9BC}.Release|Win32.ActiveCfg = Release|Win32
		{F0B43271-CB76-40DE-96C4-22A645C8E9BC}.Release|Win32.Build.0 = Release|Win32
		{2ECA9DAF-FAC8-408A-8C2B-B3386B4E5673}.Debug|Win32.ActiveCfg = Debug|Win32
		{2ECA9DAF-FAC8-408A-8C2B-B3386B4E5673}.Debug|Win32.Build.0 = Debug|Win32
		{2ECA9DAF-FAC8-408A-8C2B-B3386B4E5673}.Release|Win32.ActiveCfg = Release|Win32
		{2ECA9DAF-FAC8-408A-8C2B-B3386B4E5673}.Release|Win32.Build.0 = Release|Win32
		{45993FA4-CF44-4473-BEA1-8163B0585FD0}.Debug|Win32.ActiveCfg = Debug|Win32
		{45993FA4-CF44-4473-BEA1-8163B0585FD0}.Debug|Win32.Build.0 = Debug|Win32
		{45993FA4-CF44-4473-BEA1-8163B0585FD0}.Release|Win32.ActiveCfg = Release|Win32
		{45993FA4-CF44-4473-BEA1-8163B0585FD0}.Release|Win32.Build.0 = Release|Win32
		{50F426FB-641C-4DAA-82A1-FB2BB851D280}.Debug|Win32.ActiveCfg = Debug|Win32
		{50F426FB-641C-4DAA-82A1-FB2BB851D280}.Debug|Win32.Build.0 = Debug|Win32
		{50F426FB-641C-4DAA-82A1-FB2BB851D280}.Release|Win32.ActiveCfg = Release|Win32
		{50F426FB-641C-4DAA-82A1-FB2BB851D280}.Release|Win32.Build.0 = Release|Win32
		{5982A9D6-9A4B-4D4F-B4D6-844140E09D0B}.Debug|Win32.ActiveCfg = Debug|Win32
		{5982A9D6-9A4B-4D4F-B4D6-844140E09D0B}.Debug|Win32.Build.0 = Debug|Win32
		{5982A9D6-9A4B-4D4F-B4D6-844140E09D0B}.Release|Win32.ActiveCfg = Release|Win32
		{5982A9D6-9A4B-4D4F-B4D6-844140E09D0B}.Release|Win32.Build.0 = Release|Win32
		{FAC93167-006D-4F73-A803-1E2AD16E2D66}.Debug|Win32.ActiveCfg = Debug|Win32
		{FAC93167-006D-4F73-A803-1E2AD16E2D66}.Debug|Win32.Build.0 = Debug|Win32
		{FAC93167-006D-4F73-A803-1E2AD16E2D66}.Release|Win32.ActiveCfg = Release|Win32
		{FAC93167-006D-4F73-A803-1E2AD16E2D66}.Release|Win32.Build.0 = Release|Win32
		{1524544A-5EE0-4335-BFB8-95BF3C2E3949}.Debug|Win32.ActiveCfg = Debug|Win32
		{1524544A-5EE0-4335-BFB8-95BF3C2E3949}.Debug|Win32.Build.0 = Debug|Win32
		{1524544A-5EE0-4335-BFB8-95BF3C2E3949}.Release|Win32.ActiveCfg = Release|Win32
		{1524544A-5EE0-4335-BFB8-95BF3C2E3949}.Release|Win32.Build.0 = Release|Win32
		{60F00676-A3C9-449B-A1B0-62523A6ABE9F}.Debug|Win32.ActiveCfg = Debug|Win32
		{60F00676-A3C9-449B-A1B0-62523A6ABE9F}.Debug|Win32.Build.0 = Debug|Win32
		{60F00676-A3C9-449B-A1B0-62523A6ABE9F}.Release|Win32.ActiveCfg = Release|Win32
		{60F00676-A3C9-449B-A1B0-62523A6ABE9F}.Release|Win32.Build.0 = Release|Win32
		{2FC2AB4A-AE14-4E4C-9E86-938EAA8A19E2}.Debug|Win32.ActiveCfg = Debug|Win32
		{2FC2AB4A-AE14-4E4C-9E86-938EAA8A19E2}.Debug|Win32.Build.0 = Debug|Win32
		{2FC2AB4A-AE14-4E4C-9E86-938EAA8A19E2}.Release|Win32.ActiveCfg = Release|Win32
		{2FC2AB4A-AE14-4E4C-9E86-938EAA8A19E2}.Release|Win32.Build.0 = Release|Win32
		{6821AB80-FE36-43FE-83BF-EFDB66458D73}.Debug|Win32.ActiveCfg = Debug|Win32
		{6821AB80-FE36-43FE-83BF-EFDB66458D73}.Debug|Win32.Build.0 = Debug|Win32
		{6821AB80-FE36-43FE-83BF-EFDB66458D73}.Release|Win32.ActiveCfg = Release|Win32
		{6821AB80-FE36-43FE-83BF-EFDB66458D73}.Release|Win32.Build.0 = Release|Win32
		{1CA0F934-7B45-438D-AD32-103488F70759}.Debug|Win32.ActiveCfg = Debug|Win32
		{1CA0F934-7B45-438D-AD32-103488F70759}.Debug|Win32.Build.0 = Debug|Win32
		{1CA0F934-7B45-438D-AD32-103488F70759}.Release|Win32.ActiveCfg = Release|Win32
		{1CA0F934-7B45-438D-AD32-103488F70759}.Release|Win32.Build.0 = Release|Win32
	EndGlobalSection
	GlobalSection(SolutionProperties) = preSolution
		HideSolutionNode = FALSE
	EndGlobalSection
EndGlobal
