
Microsoft Visual Studio Solution File, Format Version 12.00
# Visual Studio 2012
Project("{8BC9CEB8-8B4A-11D0-8D11-00A0C91BC942}") = "VirtualDestructor", "VirtualDestructor\VirtualDestructor.vcxproj", "{C536BF66-9944-481D-8904-1036169C81D9}"
EndProject
Global
	GlobalSection(SolutionConfigurationPlatforms) = preSolution
		Debug|Win32 = Debug|Win32
		Release|Win32 = Release|Win32
	EndGlobalSection
	GlobalSection(ProjectConfigurationPlatforms) = postSolution
		{C536BF66-9944-481D-8904-1036169C81D9}.Debug|Win32.ActiveCfg = Debug|Win32
		{C536BF66-9944-481D-8904-1036169C81D9}.Debug|Win32.Build.0 = Debug|Win32
		{C536BF66-9944-481D-8904-1036169C81D9}.Release|Win32.ActiveCfg = Release|Win32
		{C536BF66-9944-481D-8904-1036169C81D9}.Release|Win32.Build.0 = Release|Win32
	EndGlobalSection
	GlobalSection(SolutionProperties) = preSolution
		HideSolutionNode = FALSE
	EndGlobalSection
EndGlobal
