
Microsoft Visual Studio Solution File, Format Version 11.00
# Visual Studio 2010
Project("{8BC9CEB8-8B4A-11D0-8D11-00A0C91BC942}") = "LinkedList", "..\DZ02\DZ02_02\LinkedList.vcxproj", "{FDBCCC34-2EAA-4BAA-9576-8A9225ED8DFA}"
EndProject
Project("{8BC9CEB8-8B4A-11D0-8D11-00A0C91BC942}") = "DZ02_03", "..\DZ02\DZ02_03\DZ02_03.vcxproj", "{736A0370-3220-4A95-B719-C1247C42051F}"
EndProject
Project("{8BC9CEB8-8B4A-11D0-8D11-00A0C91BC942}") = "DZ02_04", "..\DZ02\DZ02_04\DZ02_04.vcxproj", "{6D3E0381-75C0-48CF-8892-6E3D4B3174AE}"
EndProject
Project("{8BC9CEB8-8B4A-11D0-8D11-00A0C91BC942}") = "DZ02_05", "..\DZ02\DZ02_05\DZ02_05.vcxproj", "{E8B367DF-1DE7-4D1F-A9A3-E572B8D927C3}"
EndProject
Project("{8BC9CEB8-8B4A-11D0-8D11-00A0C91BC942}") = "DZ03_01", "..\DZ03\DZ03_01\DZ03_01.vcxproj", "{19915454-4128-4BB2-856C-BEE035B73C86}"
EndProject
Project("{8BC9CEB8-8B4A-11D0-8D11-00A0C91BC942}") = "DZ01_03", "..\DZ01\DZ01_03\DZ01_03.vcxproj", "{27ADD0C7-51DC-4016-AE50-D6E04D3FF038}"
EndProject
Project("{8BC9CEB8-8B4A-11D0-8D11-00A0C91BC942}") = "DZ04_01", "..\DZ04\DZ04_01\DZ04_01.vcxproj", "{E7522F1C-A5C4-4FC9-8D83-8FD119F5EE0D}"
EndProject
Project("{8BC9CEB8-8B4A-11D0-8D11-00A0C91BC942}") = "DZ03_03", "..\DZ03\DZ03_03\DZ03_03.vcxproj", "{368D87AC-D919-44E3-9DEF-3B5F16D85786}"
EndProject
Project("{8BC9CEB8-8B4A-11D0-8D11-00A0C91BC942}") = "DZ03_02", "..\DZ03\DZ03_02\DZ03_02.vcxproj", "{477D656E-EB53-4A75-8780-7F58752CE7D5}"
EndProject
Project("{8BC9CEB8-8B4A-11D0-8D11-00A0C91BC942}") = "Containers", "..\Containers\Containers.vcxproj", "{98097FC6-20BD-444F-80B0-FF3B18306AF7}"
EndProject
Project("{8BC9CEB8-8B4A-11D0-8D11-00A0C91BC942}") = "virtual_dest", "..\virtual_dest\virtual_dest.vcxproj", "{6E590CAE-9872-44D8-8CC6-9762C7ABC672}"
EndProject
Global
	GlobalSection(SolutionConfigurationPlatforms) = preSolution
		Debug|Win32 = Debug|Win32
		Release|Win32 = Release|Win32
	EndGlobalSection
	GlobalSection(ProjectConfigurationPlatforms) = postSolution
		{FDBCCC34-2EAA-4BAA-9576-8A9225ED8DFA}.Debug|Win32.ActiveCfg = Debug|Win32
		{FDBCCC34-2EAA-4BAA-9576-8A9225ED8DFA}.Debug|Win32.Build.0 = Debug|Win32
		{FDBCCC34-2EAA-4BAA-9576-8A9225ED8DFA}.Release|Win32.ActiveCfg = Release|Win32
		{FDBCCC34-2EAA-4BAA-9576-8A9225ED8DFA}.Release|Win32.Build.0 = Release|Win32
		{736A0370-3220-4A95-B719-C1247C42051F}.Debug|Win32.ActiveCfg = Debug|Win32
		{736A0370-3220-4A95-B719-C1247C42051F}.Debug|Win32.Build.0 = Debug|Win32
		{736A0370-3220-4A95-B719-C1247C42051F}.Release|Win32.ActiveCfg = Release|Win32
		{736A0370-3220-4A95-B719-C1247C42051F}.Release|Win32.Build.0 = Release|Win32
		{6D3E0381-75C0-48CF-8892-6E3D4B3174AE}.Debug|Win32.ActiveCfg = Debug|Win32
		{6D3E0381-75C0-48CF-8892-6E3D4B3174AE}.Debug|Win32.Build.0 = Debug|Win32
		{6D3E0381-75C0-48CF-8892-6E3D4B3174AE}.Release|Win32.ActiveCfg = Release|Win32
		{6D3E0381-75C0-48CF-8892-6E3D4B3174AE}.Release|Win32.Build.0 = Release|Win32
		{E8B367DF-1DE7-4D1F-A9A3-E572B8D927C3}.Debug|Win32.ActiveCfg = Debug|Win32
		{E8B367DF-1DE7-4D1F-A9A3-E572B8D927C3}.Debug|Win32.Build.0 = Debug|Win32
		{E8B367DF-1DE7-4D1F-A9A3-E572B8D927C3}.Release|Win32.ActiveCfg = Release|Win32
		{E8B367DF-1DE7-4D1F-A9A3-E572B8D927C3}.Release|Win32.Build.0 = Release|Win32
		{19915454-4128-4BB2-856C-BEE035B73C86}.Debug|Win32.ActiveCfg = Debug|Win32
		{19915454-4128-4BB2-856C-BEE035B73C86}.Debug|Win32.Build.0 = Debug|Win32
		{19915454-4128-4BB2-856C-BEE035B73C86}.Release|Win32.ActiveCfg = Release|Win32
		{19915454-4128-4BB2-856C-BEE035B73C86}.Release|Win32.Build.0 = Release|Win32
		{27ADD0C7-51DC-4016-AE50-D6E04D3FF038}.Debug|Win32.ActiveCfg = Debug|Win32
		{27ADD0C7-51DC-4016-AE50-D6E04D3FF038}.Debug|Win32.Build.0 = Debug|Win32
		{27ADD0C7-51DC-4016-AE50-D6E04D3FF038}.Release|Win32.ActiveCfg = Release|Win32
		{27ADD0C7-51DC-4016-AE50-D6E04D3FF038}.Release|Win32.Build.0 = Release|Win32
		{E7522F1C-A5C4-4FC9-8D83-8FD119F5EE0D}.Debug|Win32.ActiveCfg = Debug|Win32
		{E7522F1C-A5C4-4FC9-8D83-8FD119F5EE0D}.Debug|Win32.Build.0 = Debug|Win32
		{E7522F1C-A5C4-4FC9-8D83-8FD119F5EE0D}.Release|Win32.ActiveCfg = Release|Win32
		{E7522F1C-A5C4-4FC9-8D83-8FD119F5EE0D}.Release|Win32.Build.0 = Release|Win32
		{368D87AC-D919-44E3-9DEF-3B5F16D85786}.Debug|Win32.ActiveCfg = Debug|Win32
		{368D87AC-D919-44E3-9DEF-3B5F16D85786}.Debug|Win32.Build.0 = Debug|Win32
		{368D87AC-D919-44E3-9DEF-3B5F16D85786}.Release|Win32.ActiveCfg = Release|Win32
		{368D87AC-D919-44E3-9DEF-3B5F16D85786}.Release|Win32.Build.0 = Release|Win32
		{477D656E-EB53-4A75-8780-7F58752CE7D5}.Debug|Win32.ActiveCfg = Debug|Win32
		{477D656E-EB53-4A75-8780-7F58752CE7D5}.Debug|Win32.Build.0 = Debug|Win32
		{477D656E-EB53-4A75-8780-7F58752CE7D5}.Release|Win32.ActiveCfg = Release|Win32
		{477D656E-EB53-4A75-8780-7F58752CE7D5}.Release|Win32.Build.0 = Release|Win32
		{98097FC6-20BD-444F-80B0-FF3B18306AF7}.Debug|Win32.ActiveCfg = Debug|Win32
		{98097FC6-20BD-444F-80B0-FF3B18306AF7}.Debug|Win32.Build.0 = Debug|Win32
		{98097FC6-20BD-444F-80B0-FF3B18306AF7}.Release|Win32.ActiveCfg = Release|Win32
		{98097FC6-20BD-444F-80B0-FF3B18306AF7}.Release|Win32.Build.0 = Release|Win32
		{6E590CAE-9872-44D8-8CC6-9762C7ABC672}.Debug|Win32.ActiveCfg = Debug|Win32
		{6E590CAE-9872-44D8-8CC6-9762C7ABC672}.Debug|Win32.Build.0 = Debug|Win32
		{6E590CAE-9872-44D8-8CC6-9762C7ABC672}.Release|Win32.ActiveCfg = Release|Win32
		{6E590CAE-9872-44D8-8CC6-9762C7ABC672}.Release|Win32.Build.0 = Release|Win32
	EndGlobalSection
	GlobalSection(SolutionProperties) = preSolution
		HideSolutionNode = FALSE
	EndGlobalSection
EndGlobal
