
Microsoft Visual Studio Solution File, Format Version 12.00
# Visual Studio 2012
Project("{8BC9CEB8-8B4A-11D0-8D11-00A0C91BC942}") = "ContainerCompare", "ContainerCompare\ContainerCompare.vcxproj", "{1D579ED6-5315-4BDD-BB5D-38592AA3BD40}"
EndProject
Global
	GlobalSection(SolutionConfigurationPlatforms) = preSolution
		Debug|Win32 = Debug|Win32
		Release|Win32 = Release|Win32
	EndGlobalSection
	GlobalSection(ProjectConfigurationPlatforms) = postSolution
		{1D579ED6-5315-4BDD-BB5D-38592AA3BD40}.Debug|Win32.ActiveCfg = Debug|Win32
		{1D579ED6-5315-4BDD-BB5D-38592AA3BD40}.Debug|Win32.Build.0 = Debug|Win32
		{1D579ED6-5315-4BDD-BB5D-38592AA3BD40}.Release|Win32.ActiveCfg = Release|Win32
		{1D579ED6-5315-4BDD-BB5D-38592AA3BD40}.Release|Win32.Build.0 = Release|Win32
	EndGlobalSection
	GlobalSection(SolutionProperties) = preSolution
		HideSolutionNode = FALSE
	EndGlobalSection
EndGlobal
